
Microsoft Visual Studio Solution File, Format Version 12.00
# Visual Studio Version 16
VisualStudioVersion = 16.0.29230.61
MinimumVisualStudioVersion = 10.0.40219.1
Project("{2150E333-8FDC-42A3-9474-1A3956D46DE8}") = "_", "_", "{FA530374-E28B-419B-BCA2-82A0512774F2}"
	ProjectSection(SolutionItems) = preProject
		.editorconfig = .editorconfig
		..\appveyor.yml = ..\appveyor.yml
		..\Breaking changes.md = ..\Breaking changes.md
		..\build.cake = ..\build.cake
		..\build.ps1 = ..\build.ps1
		dbup.nuspec = dbup.nuspec
		..\GitVersionConfig.yaml = ..\GitVersionConfig.yaml
		..\global.json = ..\global.json
		..\README.md = ..\README.md
	EndProjectSection
EndProject
Project("{9A19103F-16F7-4668-BE54-9A1E7A4F7556}") = "dbup-core", "dbup-core\dbup-core.csproj", "{C98DE7C6-AF51-4901-904D-75FCCB17EE31}"
EndProject
Project("{FAE04EC0-301F-11D3-BF4B-00C04F79EFBC}") = "dbup-yellowbrick", "dbup-yellowbrick\dbup-yellowbrick.csproj", "{8EF3D414-25A6-418F-9427-CA3CE86881D3}"
EndProject
Global
	GlobalSection(SolutionConfigurationPlatforms) = preSolution
		Debug|Any CPU = Debug|Any CPU
		Release|Any CPU = Release|Any CPU
	EndGlobalSection
	GlobalSection(ProjectConfigurationPlatforms) = postSolution
		{C98DE7C6-AF51-4901-904D-75FCCB17EE31}.Debug|Any CPU.ActiveCfg = Debug|Any CPU
		{C98DE7C6-AF51-4901-904D-75FCCB17EE31}.Debug|Any CPU.Build.0 = Debug|Any CPU
		{C98DE7C6-AF51-4901-904D-75FCCB17EE31}.Release|Any CPU.ActiveCfg = Release|Any CPU
		{C98DE7C6-AF51-4901-904D-75FCCB17EE31}.Release|Any CPU.Build.0 = Release|Any CPU
		{8EF3D414-25A6-418F-9427-CA3CE86881D3}.Debug|Any CPU.ActiveCfg = Debug|Any CPU
		{8EF3D414-25A6-418F-9427-CA3CE86881D3}.Debug|Any CPU.Build.0 = Debug|Any CPU
		{8EF3D414-25A6-418F-9427-CA3CE86881D3}.Release|Any CPU.ActiveCfg = Release|Any CPU
		{8EF3D414-25A6-418F-9427-CA3CE86881D3}.Release|Any CPU.Build.0 = Release|Any CPU
	EndGlobalSection
	GlobalSection(SolutionProperties) = preSolution
		HideSolutionNode = FALSE
	EndGlobalSection
	GlobalSection(NestedProjects) = preSolution
	EndGlobalSection
	GlobalSection(ExtensibilityGlobals) = postSolution
		SolutionGuid = {6807402B-EE7A-4324-A615-28F3499B1E9F}
	EndGlobalSection
	GlobalSection(MonoDevelopProperties) = preSolution
		StartupItem = DbUp\DbUp.csproj
	EndGlobalSection
EndGlobal
